// !$*UTF8*$!
{
	archiveVersion = 1;
	classes = {
	};
	objectVersion = 56;
	objects = {
		A10000000000000000000001 /* Project object */ = {
			isa = PBXProject;
			attributes = {
				LastSwiftUpdateCheck = 1600;
				LastUpgradeCheck = 1600;
			};
			buildConfigurationList = A10000000000000000000002 /* Build configuration list */;
			compatibilityVersion = "Xcode 15.0";
			developmentRegion = en;
			hasScannedForEncodings = 0;
			knownRegions = (en, Base);
			mainGroup = A10000000000000000000003;
			productRefGroup = A10000000000000000000004;
			projectDirPath = "";
			projectRoot = "";
			targets = (
				A10000000000000000000005 /* DialCustomer */,
			);
		};
		A10000000000000000000003 = {
			isa = PBXGroup;
			children = (
				A10000000000000000000006 /* App */,
				A10000000000000000000004 /* Products */,
			);
			sourceTree = "<group>";
		};
		A10000000000000000000004 = {
			isa = PBXGroup;
			children = (
				A10000000000000000000007 /* DialCustomer.app */,
			);
			name = Products;
			sourceTree = "<group>";
		};
		A10000000000000000000006 /* App */ = {
			isa = PBXGroup;
			children = (
				A10000000000000000000008 /* DialCustomerApp.swift */,
			);
			path = App;
			sourceTree = "<group>";
		};
		A10000000000000000000008 /* DialCustomerApp.swift */ = {
			isa = PBXFileReference;
			lastKnownFileType = sourcecode.swift;
			path = DialCustomerApp.swift;
			sourceTree = "<group>";
		};
		A10000000000000000000007 /* DialCustomer.app */ = {
			isa = PBXFileReference;
			explicitFileType = wrapper.application;
			includeInIndex = 0;
			path = DialCustomer.app;
			sourceTree = BUILT_PRODUCTS_DIR;
		};
		A10000000000000000000009 /* Sources */ = {
			isa = PBXSourcesBuildPhase;
			buildActionMask = 2147483647;
			files = (
				A1000000000000000000000A /* DialCustomerApp.swift in Sources */,
			);
			runOnlyForDeploymentPostprocessing = 0;
		};
		A1000000000000000000000A /* DialCustomerApp.swift in Sources */ = {
			isa = PBXBuildFile;
			fileRef = A10000000000000000000008 /* DialCustomerApp.swift */;
		};
		A10000000000000000000005 /* DialCustomer */ = {
			isa = PBXNativeTarget;
			buildConfigurationList = A1000000000000000000000B;
			buildPhases = (
				A10000000000000000000009 /* Sources */,
			);
			buildRules = (
			);
			dependencies = (
			);
			name = DialCustomer;
			productName = DialCustomer;
			productReference = A10000000000000000000007 /* DialCustomer.app */;
			productType = "com.apple.product-type.application";
		};
		A1000000000000000000000C /* Debug */ = {
			isa = XCBuildConfiguration;
			buildSettings = {
				PRODUCT_BUNDLE_IDENTIFIER = zw.co.dial.customer;
				PRODUCT_NAME = DialCustomer;
				SWIFT_VERSION = 5.9;
				IPHONEOS_DEPLOYMENT_TARGET = 17.0;
				INFOPLIST_FILE = App/Info.plist;
				CODE_SIGN_ENTITLEMENTS = App/DialCustomer.entitlements;
				MARKETING_VERSION = 0.2.0;
				CURRENT_PROJECT_VERSION = 1;
				SDKROOT = iphoneos;
				TARGETED_DEVICE_FAMILY = "1,2";
			};
			name = Debug;
		};
		A1000000000000000000000D /* Release */ = {
			isa = XCBuildConfiguration;
			buildSettings = {
				PRODUCT_BUNDLE_IDENTIFIER = zw.co.dial.customer;
				PRODUCT_NAME = DialCustomer;
				SWIFT_VERSION = 5.9;
				IPHONEOS_DEPLOYMENT_TARGET = 17.0;
				INFOPLIST_FILE = App/Info.plist;
				CODE_SIGN_ENTITLEMENTS = App/DialCustomer.entitlements;
				MARKETING_VERSION = 0.2.0;
				CURRENT_PROJECT_VERSION = 1;
				SDKROOT = iphoneos;
				TARGETED_DEVICE_FAMILY = "1,2";
			};
			name = Release;
		};
		A10000000000000000000002 /* Build configuration list */ = {
			isa = XCConfigurationList;
			buildConfigurations = (
				A1000000000000000000000C /* Debug */,
				A1000000000000000000000D /* Release */,
			);
			defaultConfigurationIsVisible = 0;
			defaultConfigurationName = Release;
		};
		A1000000000000000000000B = {
			isa = XCConfigurationList;
			buildConfigurations = (
				A1000000000000000000000C /* Debug */,
				A1000000000000000000000D /* Release */,
			);
			defaultConfigurationIsVisible = 0;
			defaultConfigurationName = Release;
		};
	};
	rootObject = A10000000000000000000001 /* Project object */;
}
